
Microsoft Visual Studio Solution File, Format Version 12.00
# Visual Studio Version 16
VisualStudioVersion = 16.0.30503.244
MinimumVisualStudioVersion = 10.0.40219.1
Project("{FAE04EC0-301F-11D3-BF4B-00C04F79EFBC}") = "BinarySearch", "BinarySearch\BinarySearch.csproj", "{BBFBB1BF-3BC4-4076-89ED-2AE4B6E21720}"
EndProject
Project("{FAE04EC0-301F-11D3-BF4B-00C04F79EFBC}") = "BinarySearch.Tests", "BinarySearch.Tests\BinarySearch.Tests.csproj", "{491CAECD-52B7-4EC4-8F50-D03C33DA8BED}"
EndProject
Global
	GlobalSection(SolutionConfigurationPlatforms) = preSolution
		Debug|Any CPU = Debug|Any CPU
		Release|Any CPU = Release|Any CPU
	EndGlobalSection
	GlobalSection(ProjectConfigurationPlatforms) = postSolution
		{BBFBB1BF-3BC4-4076-89ED-2AE4B6E21720}.Debug|Any CPU.ActiveCfg = Debug|Any CPU
		{BBFBB1BF-3BC4-4076-89ED-2AE4B6E21720}.Debug|Any CPU.Build.0 = Debug|Any CPU
		{BBFBB1BF-3BC4-4076-89ED-2AE4B6E21720}.Release|Any CPU.ActiveCfg = Release|Any CPU
		{BBFBB1BF-3BC4-4076-89ED-2AE4B6E21720}.Release|Any CPU.Build.0 = Release|Any CPU
		{491CAECD-52B7-4EC4-8F50-D03C33DA8BED}.Debug|Any CPU.ActiveCfg = Debug|Any CPU
		{491CAECD-52B7-4EC4-8F50-D03C33DA8BED}.Debug|Any CPU.Build.0 = Debug|Any CPU
		{491CAECD-52B7-4EC4-8F50-D03C33DA8BED}.Release|Any CPU.ActiveCfg = Release|Any CPU
		{491CAECD-52B7-4EC4-8F50-D03C33DA8BED}.Release|Any CPU.Build.0 = Release|Any CPU
	EndGlobalSection
	GlobalSection(SolutionProperties) = preSolution
		HideSolutionNode = FALSE
	EndGlobalSection
	GlobalSection(ExtensibilityGlobals) = postSolution
		SolutionGuid = {E7BCBEF3-6B08-45C2-8480-92CF1823AA51}
	EndGlobalSection
EndGlobal
